
Microsoft Visual Studio Solution File, Format Version 12.00
# Visual Studio 14
VisualStudioVersion = 14.0.25420.1
MinimumVisualStudioVersion = 10.0.40219.1
Project("{FAE04EC0-301F-11D3-BF4B-00C04F79EFBC}") = "Ex01Monday", "Ex01Monday\Ex01Monday.csproj", "{E25FCA2D-8700-4649-A24E-0FC36C15BAE9}"
EndProject
Global
	GlobalSection(SolutionConfigurationPlatforms) = preSolution
		Debug|Any CPU = Debug|Any CPU
		Release|Any CPU = Release|Any CPU
	EndGlobalSection
	GlobalSection(ProjectConfigurationPlatforms) = postSolution
		{E25FCA2D-8700-4649-A24E-0FC36C15BAE9}.Debug|Any CPU.ActiveCfg = Debug|Any CPU
		{E25FCA2D-8700-4649-A24E-0FC36C15BAE9}.Debug|Any CPU.Build.0 = Debug|Any CPU
		{E25FCA2D-8700-4649-A24E-0FC36C15BAE9}.Release|Any CPU.ActiveCfg = Release|Any CPU
		{E25FCA2D-8700-4649-A24E-0FC36C15BAE9}.Release|Any CPU.Build.0 = Release|Any CPU
	EndGlobalSection
	GlobalSection(SolutionProperties) = preSolution
		HideSolutionNode = FALSE
	EndGlobalSection
EndGlobal
